
Microsoft Visual Studio Solution File, Format Version 12.00
# Visual Studio Version 16
VisualStudioVersion = 16.0.29324.140
MinimumVisualStudioVersion = 10.0.40219.1
Project("{9A19103F-16F7-4668-BE54-9A1E7A4F7556}") = "ERPAPIDotNetExamples", "ERPAPIDotNetExamples.csproj", "{5E28DCA7-A952-4226-9C45-F863C30D5CF5}"
EndProject
Global
	GlobalSection(SolutionConfigurationPlatforms) = preSolution
		Debug|Any CPU = Debug|Any CPU
		Release|Any CPU = Release|Any CPU
	EndGlobalSection
	GlobalSection(ProjectConfigurationPlatforms) = postSolution
		{5E28DCA7-A952-4226-9C45-F863C30D5CF5}.Debug|Any CPU.ActiveCfg = Debug|Any CPU
		{5E28DCA7-A952-4226-9C45-F863C30D5CF5}.Debug|Any CPU.Build.0 = Debug|Any CPU
		{5E28DCA7-A952-4226-9C45-F863C30D5CF5}.Release|Any CPU.ActiveCfg = Release|Any CPU
		{5E28DCA7-A952-4226-9C45-F863C30D5CF5}.Release|Any CPU.Build.0 = Release|Any CPU
	EndGlobalSection
	GlobalSection(SolutionProperties) = preSolution
		HideSolutionNode = FALSE
	EndGlobalSection
	GlobalSection(ExtensibilityGlobals) = postSolution
		SolutionGuid = {F3CFA6A7-E4C7-476D-8067-16ACF338FC0D}
	EndGlobalSection
EndGlobal
